// !$*UTF8*$!
{
	archiveVersion = 1;
	classes = {
	};
	objectVersion = 77;
	objects = {

/* Begin PBXBuildFile section */
		3629455E2DD15CCC00A78309 /* Apollo in Frameworks */ = {isa = PBXBuildFile; productRef = 3629455D2DD15CCC00A78309 /* Apollo */; };
		362945752DD1611400A78309 /* DTSampleAppAPI in Frameworks */ = {isa = PBXBuildFile; productRef = 362945742DD1611400A78309 /* DTSampleAppAPI */; };
/* End PBXBuildFile section */

/* Begin PBXContainerItemProxy section */
		362945402DD122B200A78309 /* PBXContainerItemProxy */ = {
			isa = PBXContainerItemProxy;
			containerPortal = 362945242DD122AF00A78309 /* Project object */;
			proxyType = 1;
			remoteGlobalIDString = 3629452B2DD122AF00A78309;
			remoteInfo = DTSampleApp;
		};
		3629454A2DD122B200A78309 /* PBXContainerItemProxy */ = {
			isa = PBXContainerItemProxy;
			containerPortal = 362945242DD122AF00A78309 /* Project object */;
			proxyType = 1;
			remoteGlobalIDString = 3629452B2DD122AF00A78309;
			remoteInfo = DTSampleApp;
		};
/* End PBXContainerItemProxy section */

/* Begin PBXFileReference section */
		3629452C2DD122AF00A78309 /* DTSampleApp.app */ = {isa = PBXFileReference; explicitFileType = wrapper.application; includeInIndex = 0; path = DTSampleApp.app; sourceTree = BUILT_PRODUCTS_DIR; };
		3629453F2DD122B200A78309 /* DTSampleAppTests.xctest */ = {isa = PBXFileReference; explicitFileType = wrapper.cfbundle; includeInIndex = 0; path = DTSampleAppTests.xctest; sourceTree = BUILT_PRODUCTS_DIR; };
		362945492DD122B200A78309 /* DTSampleAppUITests.xctest */ = {isa = PBXFileReference; explicitFileType = wrapper.cfbundle; includeInIndex = 0; path = DTSampleAppUITests.xctest; sourceTree = BUILT_PRODUCTS_DIR; };
/* End PBXFileReference section */

/* Begin PBXFileSystemSynchronizedRootGroup section */
		3629452E2DD122AF00A78309 /* DTSampleApp */ = {
			isa = PBXFileSystemSynchronizedRootGroup;
			path = DTSampleApp;
			sourceTree = "<group>";
		};
		362945422DD122B200A78309 /* DTSampleAppTests */ = {
			isa = PBXFileSystemSynchronizedRootGroup;
			path = DTSampleAppTests;
			sourceTree = "<group>";
		};
		3629454C2DD122B200A78309 /* DTSampleAppUITests */ = {
			isa = PBXFileSystemSynchronizedRootGroup;
			path = DTSampleAppUITests;
			sourceTree = "<group>";
		};
/* End PBXFileSystemSynchronizedRootGroup section */

/* Begin PBXFrameworksBuildPhase section */
		362945292DD122AF00A78309 /* Frameworks */ = {
			isa = PBXFrameworksBuildPhase;
			buildActionMask = 2147483647;
			files = (
				3629455E2DD15CCC00A78309 /* Apollo in Frameworks */,
				362945752DD1611400A78309 /* DTSampleAppAPI in Frameworks */,
			);
			runOnlyForDeploymentPostprocessing = 0;
		};
		3629453C2DD122B200A78309 /* Frameworks */ = {
			isa = PBXFrameworksBuildPhase;
			buildActionMask = 2147483647;
			files = (
			);
			runOnlyForDeploymentPostprocessing = 0;
		};
		362945462DD122B200A78309 /* Frameworks */ = {
			isa = PBXFrameworksBuildPhase;
			buildActionMask = 2147483647;
			files = (
			);
			runOnlyForDeploymentPostprocessing = 0;
		};
/* End PBXFrameworksBuildPhase section */

/* Begin PBXGroup section */
		362945232DD122AF00A78309 = {
			isa = PBXGroup;
			children = (
				3629452E2DD122AF00A78309 /* DTSampleApp */,
				362945422DD122B200A78309 /* DTSampleAppTests */,
				3629454C2DD122B200A78309 /* DTSampleAppUITests */,
				3629452D2DD122AF00A78309 /* Products */,
			);
			sourceTree = "<group>";
		};
		3629452D2DD122AF00A78309 /* Products */ = {
			isa = PBXGroup;
			children = (
				3629452C2DD122AF00A78309 /* DTSampleApp.app */,
				3629453F2DD122B200A78309 /* DTSampleAppTests.xctest */,
				362945492DD122B200A78309 /* DTSampleAppUITests.xctest */,
			);
			name = Products;
			sourceTree = "<group>";
		};
/* End PBXGroup section */

/* Begin PBXNativeTarget section */
		3629452B2DD122AF00A78309 /* DTSampleApp */ = {
			isa = PBXNativeTarget;
			buildConfigurationList = 362945532DD122B200A78309 /* Build configuration list for PBXNativeTarget "DTSampleApp" */;
			buildPhases = (
				362945282DD122AF00A78309 /* Sources */,
				362945292DD122AF00A78309 /* Frameworks */,
				3629452A2DD122AF00A78309 /* Resources */,
			);
			buildRules = (
			);
			dependencies = (
			);
			fileSystemSynchronizedGroups = (
				3629452E2DD122AF00A78309 /* DTSampleApp */,
			);
			name = DTSampleApp;
			packageProductDependencies = (
				3629455D2DD15CCC00A78309 /* Apollo */,
				362945742DD1611400A78309 /* DTSampleAppAPI */,
			);
			productName = DTSampleApp;
			productReference = 3629452C2DD122AF00A78309 /* DTSampleApp.app */;
			productType = "com.apple.product-type.application";
		};
		3629453E2DD122B200A78309 /* DTSampleAppTests */ = {
			isa = PBXNativeTarget;
			buildConfigurationList = 362945562DD122B200A78309 /* Build configuration list for PBXNativeTarget "DTSampleAppTests" */;
			buildPhases = (
				3629453B2DD122B200A78309 /* Sources */,
				3629453C2DD122B200A78309 /* Frameworks */,
				3629453D2DD122B200A78309 /* Resources */,
			);
			buildRules = (
			);
			dependencies = (
				362945412DD122B200A78309 /* PBXTargetDependency */,
			);
			fileSystemSynchronizedGroups = (
				362945422DD122B200A78309 /* DTSampleAppTests */,
			);
			name = DTSampleAppTests;
			packageProductDependencies = (
			);
			productName = DTSampleAppTests;
			productReference = 3629453F2DD122B200A78309 /* DTSampleAppTests.xctest */;
			productType = "com.apple.product-type.bundle.unit-test";
		};
		362945482DD122B200A78309 /* DTSampleAppUITests */ = {
			isa = PBXNativeTarget;
			buildConfigurationList = 362945592DD122B200A78309 /* Build configuration list for PBXNativeTarget "DTSampleAppUITests" */;
			buildPhases = (
				362945452DD122B200A78309 /* Sources */,
				362945462DD122B200A78309 /* Frameworks */,
				362945472DD122B200A78309 /* Resources */,
			);
			buildRules = (
			);
			dependencies = (
				3629454B2DD122B200A78309 /* PBXTargetDependency */,
			);
			fileSystemSynchronizedGroups = (
				3629454C2DD122B200A78309 /* DTSampleAppUITests */,
			);
			name = DTSampleAppUITests;
			packageProductDependencies = (
			);
			productName = DTSampleAppUITests;
			productReference = 362945492DD122B200A78309 /* DTSampleAppUITests.xctest */;
			productType = "com.apple.product-type.bundle.ui-testing";
		};
/* End PBXNativeTarget section */

/* Begin PBXProject section */
		362945242DD122AF00A78309 /* Project object */ = {
			isa = PBXProject;
			attributes = {
				BuildIndependentTargetsInParallel = 1;
				LastSwiftUpdateCheck = 1630;
				LastUpgradeCheck = 1630;
				TargetAttributes = {
					3629452B2DD122AF00A78309 = {
						CreatedOnToolsVersion = 16.3;
					};
					3629453E2DD122B200A78309 = {
						CreatedOnToolsVersion = 16.3;
						TestTargetID = 3629452B2DD122AF00A78309;
					};
					362945482DD122B200A78309 = {
						CreatedOnToolsVersion = 16.3;
						TestTargetID = 3629452B2DD122AF00A78309;
					};
				};
			};
			buildConfigurationList = 362945272DD122AF00A78309 /* Build configuration list for PBXProject "DTSampleApp" */;
			developmentRegion = en;
			hasScannedForEncodings = 0;
			knownRegions = (
				en,
				Base,
			);
			mainGroup = 362945232DD122AF00A78309;
			minimizedProjectReferenceProxies = 1;
			packageReferences = (
				3629455C2DD15CCC00A78309 /* XCRemoteSwiftPackageReference "apollo-ios" */,
				362945732DD1611400A78309 /* XCLocalSwiftPackageReference "DTSampleAppAPI" */,
			);
			preferredProjectObjectVersion = 77;
			productRefGroup = 3629452D2DD122AF00A78309 /* Products */;
			projectDirPath = "";
			projectRoot = "";
			targets = (
				3629452B2DD122AF00A78309 /* DTSampleApp */,
				3629453E2DD122B200A78309 /* DTSampleAppTests */,
				362945482DD122B200A78309 /* DTSampleAppUITests */,
			);
		};
/* End PBXProject section */

/* Begin PBXResourcesBuildPhase section */
		3629452A2DD122AF00A78309 /* Resources */ = {
			isa = PBXResourcesBuildPhase;
			buildActionMask = 2147483647;
			files = (
			);
			runOnlyForDeploymentPostprocessing = 0;
		};
		3629453D2DD122B200A78309 /* Resources */ = {
			isa = PBXResourcesBuildPhase;
			buildActionMask = 2147483647;
			files = (
			);
			runOnlyForDeploymentPostprocessing = 0;
		};
		362945472DD122B200A78309 /* Resources */ = {
			isa = PBXResourcesBuildPhase;
			buildActionMask = 2147483647;
			files = (
			);
			runOnlyForDeploymentPostprocessing = 0;
		};
/* End PBXResourcesBuildPhase section */

/* Begin PBXSourcesBuildPhase section */
		362945282DD122AF00A78309 /* Sources */ = {
			isa = PBXSourcesBuildPhase;
			buildActionMask = 2147483647;
			files = (
			);
			runOnlyForDeploymentPostprocessing = 0;
		};
		3629453B2DD122B200A78309 /* Sources */ = {
			isa = PBXSourcesBuildPhase;
			buildActionMask = 2147483647;
			files = (
			);
			runOnlyForDeploymentPostprocessing = 0;
		};
		362945452DD122B200A78309 /* Sources */ = {
			isa = PBXSourcesBuildPhase;
			buildActionMask = 2147483647;
			files = (
			);
			runOnlyForDeploymentPostprocessing = 0;
		};
/* End PBXSourcesBuildPhase section */

/* Begin PBXTargetDependency section */
		362945412DD122B200A78309 /* PBXTargetDependency */ = {
			isa = PBXTargetDependency;
			target = 3629452B2DD122AF00A78309 /* DTSampleApp */;
			targetProxy = 362945402DD122B200A78309 /* PBXContainerItemProxy */;
		};
		3629454B2DD122B200A78309 /* PBXTargetDependency */ = {
			isa = PBXTargetDependency;
			target = 3629452B2DD122AF00A78309 /* DTSampleApp */;
			targetProxy = 3629454A2DD122B200A78309 /* PBXContainerItemProxy */;
		};
/* End PBXTargetDependency section */

/* Begin XCBuildConfiguration section */
		362945512DD122B200A78309 /* Debug */ = {
			isa = XCBuildConfiguration;
			buildSettings = {
				ALWAYS_SEARCH_USER_PATHS = NO;
				ASSETCATALOG_COMPILER_GENERATE_SWIFT_ASSET_SYMBOL_EXTENSIONS = YES;
				CLANG_ANALYZER_NONNULL = YES;
				CLANG_ANALYZER_NUMBER_OBJECT_CONVERSION = YES_AGGRESSIVE;
				CLANG_CXX_LANGUAGE_STANDARD = "gnu++20";
				CLANG_ENABLE_MODULES = YES;
				CLANG_ENABLE_OBJC_ARC = YES;
				CLANG_ENABLE_OBJC_WEAK = YES;
				CLANG_WARN_BLOCK_CAPTURE_AUTORELEASING = YES;
				CLANG_WARN_BOOL_CONVERSION = YES;
				CLANG_WARN_COMMA = YES;
				CLANG_WARN_CONSTANT_CONVERSION = YES;
				CLANG_WARN_DEPRECATED_OBJC_IMPLEMENTATIONS = YES;
				CLANG_WARN_DIRECT_OBJC_ISA_USAGE = YES_ERROR;
				CLANG_WARN_DOCUMENTATION_COMMENTS = YES;
				CLANG_WARN_EMPTY_BODY = YES;
				CLANG_WARN_ENUM_CONVERSION = YES;
				CLANG_WARN_INFINITE_RECURSION = YES;
				CLANG_WARN_INT_CONVERSION = YES;
				CLANG_WARN_NON_LITERAL_NULL_CONVERSION = YES;
				CLANG_WARN_OBJC_IMPLICIT_RETAIN_SELF = YES;
				CLANG_WARN_OBJC_LITERAL_CONVERSION = YES;
				CLANG_WARN_OBJC_ROOT_CLASS = YES_ERROR;
				CLANG_WARN_QUOTED_INCLUDE_IN_FRAMEWORK_HEADER = YES;
				CLANG_WARN_RANGE_LOOP_ANALYSIS = YES;
				CLANG_WARN_STRICT_PROTOTYPES = YES;
				CLANG_WARN_SUSPICIOUS_MOVE = YES;
				CLANG_WARN_UNGUARDED_AVAILABILITY = YES_AGGRESSIVE;
				CLANG_WARN_UNREACHABLE_CODE = YES;
				CLANG_WARN__DUPLICATE_METHOD_MATCH = YES;
				COPY_PHASE_STRIP = NO;
				DEBUG_INFORMATION_FORMAT = dwarf;
				DEVELOPMENT_TEAM = ZWV79Y9LE7;
				ENABLE_STRICT_OBJC_MSGSEND = YES;
				ENABLE_TESTABILITY = YES;
				ENABLE_USER_SCRIPT_SANDBOXING = YES;
				GCC_C_LANGUAGE_STANDARD = gnu17;
				GCC_DYNAMIC_NO_PIC = NO;
				GCC_NO_COMMON_BLOCKS = YES;
				GCC_OPTIMIZATION_LEVEL = 0;
				GCC_PREPROCESSOR_DEFINITIONS = (
					"DEBUG=1",
					"$(inherited)",
				);
				GCC_WARN_64_TO_32_BIT_CONVERSION = YES;
				GCC_WARN_ABOUT_RETURN_TYPE = YES_ERROR;
				GCC_WARN_UNDECLARED_SELECTOR = YES;
				GCC_WARN_UNINITIALIZED_AUTOS = YES_AGGRESSIVE;
				GCC_WARN_UNUSED_FUNCTION = YES;
				GCC_WARN_UNUSED_VARIABLE = YES;
				LOCALIZATION_PREFERS_STRING_CATALOGS = YES;
				MTL_ENABLE_DEBUG_INFO = INCLUDE_SOURCE;
				MTL_FAST_MATH = YES;
				ONLY_ACTIVE_ARCH = YES;
				SWIFT_ACTIVE_COMPILATION_CONDITIONS = "DEBUG $(inherited)";
				SWIFT_OPTIMIZATION_LEVEL = "-Onone";
			};
			name = Debug;
		};
		362945522DD122B200A78309 /* Release */ = {
			isa = XCBuildConfiguration;
			buildSettings = {
				ALWAYS_SEARCH_USER_PATHS = NO;
				ASSETCATALOG_COMPILER_GENERATE_SWIFT_ASSET_SYMBOL_EXTENSIONS = YES;
				CLANG_ANALYZER_NONNULL = YES;
				CLANG_ANALYZER_NUMBER_OBJECT_CONVERSION = YES_AGGRESSIVE;
				CLANG_CXX_LANGUAGE_STANDARD = "gnu++20";
				CLANG_ENABLE_MODULES = YES;
				CLANG_ENABLE_OBJC_ARC = YES;
				CLANG_ENABLE_OBJC_WEAK = YES;
				CLANG_WARN_BLOCK_CAPTURE_AUTORELEASING = YES;
				CLANG_WARN_BOOL_CONVERSION = YES;
				CLANG_WARN_COMMA = YES;
				CLANG_WARN_CONSTANT_CONVERSION = YES;
				CLANG_WARN_DEPRECATED_OBJC_IMPLEMENTATIONS = YES;
				CLANG_WARN_DIRECT_OBJC_ISA_USAGE = YES_ERROR;
				CLANG_WARN_DOCUMENTATION_COMMENTS = YES;
				CLANG_WARN_EMPTY_BODY = YES;
				CLANG_WARN_ENUM_CONVERSION = YES;
				CLANG_WARN_INFINITE_RECURSION = YES;
				CLANG_WARN_INT_CONVERSION = YES;
				CLANG_WARN_NON_LITERAL_NULL_CONVERSION = YES;
				CLANG_WARN_OBJC_IMPLICIT_RETAIN_SELF = YES;
				CLANG_WARN_OBJC_LITERAL_CONVERSION = YES;
				CLANG_WARN_OBJC_ROOT_CLASS = YES_ERROR;
				CLANG_WARN_QUOTED_INCLUDE_IN_FRAMEWORK_HEADER = YES;
				CLANG_WARN_RANGE_LOOP_ANALYSIS = YES;
				CLANG_WARN_STRICT_PROTOTYPES = YES;
				CLANG_WARN_SUSPICIOUS_MOVE = YES;
				CLANG_WARN_UNGUARDED_AVAILABILITY = YES_AGGRESSIVE;
				CLANG_WARN_UNREACHABLE_CODE = YES;
				CLANG_WARN__DUPLICATE_METHOD_MATCH = YES;
				COPY_PHASE_STRIP = NO;
				DEBUG_INFORMATION_FORMAT = "dwarf-with-dsym";
				DEVELOPMENT_TEAM = ZWV79Y9LE7;
				ENABLE_NS_ASSERTIONS = NO;
				ENABLE_STRICT_OBJC_MSGSEND = YES;
				ENABLE_USER_SCRIPT_SANDBOXING = YES;
				GCC_C_LANGUAGE_STANDARD = gnu17;
				GCC_NO_COMMON_BLOCKS = YES;
				GCC_WARN_64_TO_32_BIT_CONVERSION = YES;
				GCC_WARN_ABOUT_RETURN_TYPE = YES_ERROR;
				GCC_WARN_UNDECLARED_SELECTOR = YES;
				GCC_WARN_UNINITIALIZED_AUTOS = YES_AGGRESSIVE;
				GCC_WARN_UNUSED_FUNCTION = YES;
				GCC_WARN_UNUSED_VARIABLE = YES;
				LOCALIZATION_PREFERS_STRING_CATALOGS = YES;
				MTL_ENABLE_DEBUG_INFO = NO;
				MTL_FAST_MATH = YES;
				SWIFT_COMPILATION_MODE = wholemodule;
			};
			name = Release;
		};
		362945542DD122B200A78309 /* Debug */ = {
			isa = XCBuildConfiguration;
			buildSettings = {
				ASSETCATALOG_COMPILER_APPICON_NAME = AppIcon;
				ASSETCATALOG_COMPILER_GLOBAL_ACCENT_COLOR_NAME = AccentColor;
				CODE_SIGN_ENTITLEMENTS = DTSampleApp/DTSampleApp.entitlements;
				CODE_SIGN_STYLE = Automatic;
				CURRENT_PROJECT_VERSION = 1;
				DEVELOPMENT_TEAM = ZWV79Y9LE7;
				ENABLE_HARDENED_RUNTIME = YES;
				ENABLE_PREVIEWS = YES;
				GENERATE_INFOPLIST_FILE = YES;
				INFOPLIST_KEY_NSCameraUsageDescription = "This app uses the camera to scan QR codes for onboardin";
				INFOPLIST_KEY_NSMicrophoneUsageDescription = "We need access to your microphone so you can send messages using your voice.";
				INFOPLIST_KEY_NSSpeechRecognitionUsageDescription = "We use speech recognition to convert your spoken input into text in the chat.";
				"INFOPLIST_KEY_UIApplicationSceneManifest_Generation[sdk=iphoneos*]" = YES;
				"INFOPLIST_KEY_UIApplicationSceneManifest_Generation[sdk=iphonesimulator*]" = YES;
				"INFOPLIST_KEY_UIApplicationSupportsIndirectInputEvents[sdk=iphoneos*]" = YES;
				"INFOPLIST_KEY_UIApplicationSupportsIndirectInputEvents[sdk=iphonesimulator*]" = YES;
				"INFOPLIST_KEY_UILaunchScreen_Generation[sdk=iphoneos*]" = YES;
				"INFOPLIST_KEY_UILaunchScreen_Generation[sdk=iphonesimulator*]" = YES;
				"INFOPLIST_KEY_UIStatusBarStyle[sdk=iphoneos*]" = UIStatusBarStyleDefault;
				"INFOPLIST_KEY_UIStatusBarStyle[sdk=iphonesimulator*]" = UIStatusBarStyleDefault;
				INFOPLIST_KEY_UISupportedInterfaceOrientations_iPad = "UIInterfaceOrientationPortrait UIInterfaceOrientationPortraitUpsideDown UIInterfaceOrientationLandscapeLeft UIInterfaceOrientationLandscapeRight";
				INFOPLIST_KEY_UISupportedInterfaceOrientations_iPhone = "UIInterfaceOrientationPortrait UIInterfaceOrientationLandscapeLeft UIInterfaceOrientationLandscapeRight";
				IPHONEOS_DEPLOYMENT_TARGET = 18.4;
				LD_RUNPATH_SEARCH_PATHS = "@executable_path/Frameworks";
				"LD_RUNPATH_SEARCH_PATHS[sdk=macosx*]" = "@executable_path/../Frameworks";
				MACOSX_DEPLOYMENT_TARGET = 15.4;
				MARKETING_VERSION = 1.0;
				PRODUCT_BUNDLE_IDENTIFIER = Artashes.DTSampleApp;
				PRODUCT_NAME = "$(TARGET_NAME)";
				REGISTER_APP_GROUPS = YES;
				SDKROOT = auto;
				SUPPORTED_PLATFORMS = "iphoneos iphonesimulator macosx xros xrsimulator";
				SWIFT_EMIT_LOC_STRINGS = YES;
				SWIFT_VERSION = 5.0;
				TARGETED_DEVICE_FAMILY = "1,2,7";
				XROS_DEPLOYMENT_TARGET = 2.4;
			};
			name = Debug;
		};
		362945552DD122B200A78309 /* Release */ = {
			isa = XCBuildConfiguration;
			buildSettings = {
				ASSETCATALOG_COMPILER_APPICON_NAME = AppIcon;
				ASSETCATALOG_COMPILER_GLOBAL_ACCENT_COLOR_NAME = AccentColor;
				CODE_SIGN_ENTITLEMENTS = DTSampleApp/DTSampleApp.entitlements;
				CODE_SIGN_STYLE = Automatic;
				CURRENT_PROJECT_VERSION = 1;
				DEVELOPMENT_TEAM = ZWV79Y9LE7;
				ENABLE_HARDENED_RUNTIME = YES;
				ENABLE_PREVIEWS = YES;
				GENERATE_INFOPLIST_FILE = YES;
				INFOPLIST_KEY_NSCameraUsageDescription = "This app uses the camera to scan QR codes for onboardin";
				INFOPLIST_KEY_NSMicrophoneUsageDescription = "We need access to your microphone so you can send messages using your voice.";
				INFOPLIST_KEY_NSSpeechRecognitionUsageDescription = "We use speech recognition to convert your spoken input into text in the chat.";
				"INFOPLIST_KEY_UIApplicationSceneManifest_Generation[sdk=iphoneos*]" = YES;
				"INFOPLIST_KEY_UIApplicationSceneManifest_Generation[sdk=iphonesimulator*]" = YES;
				"INFOPLIST_KEY_UIApplicationSupportsIndirectInputEvents[sdk=iphoneos*]" = YES;
				"INFOPLIST_KEY_UIApplicationSupportsIndirectInputEvents[sdk=iphonesimulator*]" = YES;
				"INFOPLIST_KEY_UILaunchScreen_Generation[sdk=iphoneos*]" = YES;
				"INFOPLIST_KEY_UILaunchScreen_Generation[sdk=iphonesimulator*]" = YES;
				"INFOPLIST_KEY_UIStatusBarStyle[sdk=iphoneos*]" = UIStatusBarStyleDefault;
				"INFOPLIST_KEY_UIStatusBarStyle[sdk=iphonesimulator*]" = UIStatusBarStyleDefault;
				INFOPLIST_KEY_UISupportedInterfaceOrientations_iPad = "UIInterfaceOrientationPortrait UIInterfaceOrientationPortraitUpsideDown UIInterfaceOrientationLandscapeLeft UIInterfaceOrientationLandscapeRight";
				INFOPLIST_KEY_UISupportedInterfaceOrientations_iPhone = "UIInterfaceOrientationPortrait UIInterfaceOrientationLandscapeLeft UIInterfaceOrientationLandscapeRight";
				IPHONEOS_DEPLOYMENT_TARGET = 18.4;
				LD_RUNPATH_SEARCH_PATHS = "@executable_path/Frameworks";
				"LD_RUNPATH_SEARCH_PATHS[sdk=macosx*]" = "@executable_path/../Frameworks";
				MACOSX_DEPLOYMENT_TARGET = 15.4;
				MARKETING_VERSION = 1.0;
				PRODUCT_BUNDLE_IDENTIFIER = Artashes.DTSampleApp;
				PRODUCT_NAME = "$(TARGET_NAME)";
				REGISTER_APP_GROUPS = YES;
				SDKROOT = auto;
				SUPPORTED_PLATFORMS = "iphoneos iphonesimulator macosx xros xrsimulator";
				SWIFT_EMIT_LOC_STRINGS = YES;
				SWIFT_VERSION = 5.0;
				TARGETED_DEVICE_FAMILY = "1,2,7";
				XROS_DEPLOYMENT_TARGET = 2.4;
			};
			name = Release;
		};
		362945572DD122B200A78309 /* Debug */ = {
			isa = XCBuildConfiguration;
			buildSettings = {
				BUNDLE_LOADER = "$(TEST_HOST)";
				CODE_SIGN_STYLE = Automatic;
				CURRENT_PROJECT_VERSION = 1;
				DEVELOPMENT_TEAM = ZWV79Y9LE7;
				GENERATE_INFOPLIST_FILE = YES;
				IPHONEOS_DEPLOYMENT_TARGET = 18.4;
				MACOSX_DEPLOYMENT_TARGET = 15.4;
				MARKETING_VERSION = 1.0;
				PRODUCT_BUNDLE_IDENTIFIER = Artashes.DTSampleAppTests;
				PRODUCT_NAME = "$(TARGET_NAME)";
				SDKROOT = auto;
				SUPPORTED_PLATFORMS = "iphoneos iphonesimulator macosx xros xrsimulator";
				SWIFT_EMIT_LOC_STRINGS = NO;
				SWIFT_VERSION = 5.0;
				TARGETED_DEVICE_FAMILY = "1,2,7";
				TEST_HOST = "$(BUILT_PRODUCTS_DIR)/DTSampleApp.app/$(BUNDLE_EXECUTABLE_FOLDER_PATH)/DTSampleApp";
				XROS_DEPLOYMENT_TARGET = 2.4;
			};
			name = Debug;
		};
		362945582DD122B200A78309 /* Release */ = {
			isa = XCBuildConfiguration;
			buildSettings = {
				BUNDLE_LOADER = "$(TEST_HOST)";
				CODE_SIGN_STYLE = Automatic;
				CURRENT_PROJECT_VERSION = 1;
				DEVELOPMENT_TEAM = ZWV79Y9LE7;
				GENERATE_INFOPLIST_FILE = YES;
				IPHONEOS_DEPLOYMENT_TARGET = 18.4;
				MACOSX_DEPLOYMENT_TARGET = 15.4;
				MARKETING_VERSION = 1.0;
				PRODUCT_BUNDLE_IDENTIFIER = Artashes.DTSampleAppTests;
				PRODUCT_NAME = "$(TARGET_NAME)";
				SDKROOT = auto;
				SUPPORTED_PLATFORMS = "iphoneos iphonesimulator macosx xros xrsimulator";
				SWIFT_EMIT_LOC_STRINGS = NO;
				SWIFT_VERSION = 5.0;
				TARGETED_DEVICE_FAMILY = "1,2,7";
				TEST_HOST = "$(BUILT_PRODUCTS_DIR)/DTSampleApp.app/$(BUNDLE_EXECUTABLE_FOLDER_PATH)/DTSampleApp";
				XROS_DEPLOYMENT_TARGET = 2.4;
			};
			name = Release;
		};
		3629455A2DD122B200A78309 /* Debug */ = {
			isa = XCBuildConfiguration;
			buildSettings = {
				CODE_SIGN_STYLE = Automatic;
				CURRENT_PROJECT_VERSION = 1;
				DEVELOPMENT_TEAM = ZWV79Y9LE7;
				GENERATE_INFOPLIST_FILE = YES;
				IPHONEOS_DEPLOYMENT_TARGET = 18.4;
				MACOSX_DEPLOYMENT_TARGET = 15.4;
				MARKETING_VERSION = 1.0;
				PRODUCT_BUNDLE_IDENTIFIER = Artashes.DTSampleAppUITests;
				PRODUCT_NAME = "$(TARGET_NAME)";
				SDKROOT = auto;
				SUPPORTED_PLATFORMS = "iphoneos iphonesimulator macosx xros xrsimulator";
				SWIFT_EMIT_LOC_STRINGS = NO;
				SWIFT_VERSION = 5.0;
				TARGETED_DEVICE_FAMILY = "1,2,7";
				TEST_TARGET_NAME = DTSampleApp;
				XROS_DEPLOYMENT_TARGET = 2.4;
			};
			name = Debug;
		};
		3629455B2DD122B200A78309 /* Release */ = {
			isa = XCBuildConfiguration;
			buildSettings = {
				CODE_SIGN_STYLE = Automatic;
				CURRENT_PROJECT_VERSION = 1;
				DEVELOPMENT_TEAM = ZWV79Y9LE7;
				GENERATE_INFOPLIST_FILE = YES;
				IPHONEOS_DEPLOYMENT_TARGET = 18.4;
				MACOSX_DEPLOYMENT_TARGET = 15.4;
				MARKETING_VERSION = 1.0;
				PRODUCT_BUNDLE_IDENTIFIER = Artashes.DTSampleAppUITests;
				PRODUCT_NAME = "$(TARGET_NAME)";
				SDKROOT = auto;
				SUPPORTED_PLATFORMS = "iphoneos iphonesimulator macosx xros xrsimulator";
				SWIFT_EMIT_LOC_STRINGS = NO;
				SWIFT_VERSION = 5.0;
				TARGETED_DEVICE_FAMILY = "1,2,7";
				TEST_TARGET_NAME = DTSampleApp;
				XROS_DEPLOYMENT_TARGET = 2.4;
			};
			name = Release;
		};
/* End XCBuildConfiguration section */

/* Begin XCConfigurationList section */
		362945272DD122AF00A78309 /* Build configuration list for PBXProject "DTSampleApp" */ = {
			isa = XCConfigurationList;
			buildConfigurations = (
				362945512DD122B200A78309 /* Debug */,
				362945522DD122B200A78309 /* Release */,
			);
			defaultConfigurationIsVisible = 0;
			defaultConfigurationName = Release;
		};
		362945532DD122B200A78309 /* Build configuration list for PBXNativeTarget "DTSampleApp" */ = {
			isa = XCConfigurationList;
			buildConfigurations = (
				362945542DD122B200A78309 /* Debug */,
				362945552DD122B200A78309 /* Release */,
			);
			defaultConfigurationIsVisible = 0;
			defaultConfigurationName = Release;
		};
		362945562DD122B200A78309 /* Build configuration list for PBXNativeTarget "DTSampleAppTests" */ = {
			isa = XCConfigurationList;
			buildConfigurations = (
				362945572DD122B200A78309 /* Debug */,
				362945582DD122B200A78309 /* Release */,
			);
			defaultConfigurationIsVisible = 0;
			defaultConfigurationName = Release;
		};
		362945592DD122B200A78309 /* Build configuration list for PBXNativeTarget "DTSampleAppUITests" */ = {
			isa = XCConfigurationList;
			buildConfigurations = (
				3629455A2DD122B200A78309 /* Debug */,
				3629455B2DD122B200A78309 /* Release */,
			);
			defaultConfigurationIsVisible = 0;
			defaultConfigurationName = Release;
		};
/* End XCConfigurationList section */

/* Begin XCLocalSwiftPackageReference section */
		362945732DD1611400A78309 /* XCLocalSwiftPackageReference "DTSampleAppAPI" */ = {
			isa = XCLocalSwiftPackageReference;
			relativePath = DTSampleAppAPI;
		};
/* End XCLocalSwiftPackageReference section */

/* Begin XCRemoteSwiftPackageReference section */
		3629455C2DD15CCC00A78309 /* XCRemoteSwiftPackageReference "apollo-ios" */ = {
			isa = XCRemoteSwiftPackageReference;
			repositoryURL = "https://github.com/apollographql/apollo-ios.git";
			requirement = {
				kind = upToNextMajorVersion;
				minimumVersion = 1.21.0;
			};
		};
/* End XCRemoteSwiftPackageReference section */

/* Begin XCSwiftPackageProductDependency section */
		3629455D2DD15CCC00A78309 /* Apollo */ = {
			isa = XCSwiftPackageProductDependency;
			package = 3629455C2DD15CCC00A78309 /* XCRemoteSwiftPackageReference "apollo-ios" */;
			productName = Apollo;
		};
		362945742DD1611400A78309 /* DTSampleAppAPI */ = {
			isa = XCSwiftPackageProductDependency;
			productName = DTSampleAppAPI;
		};
/* End XCSwiftPackageProductDependency section */
	};
	rootObject = 362945242DD122AF00A78309 /* Project object */;
}
